
Microsoft Visual Studio Solution File, Format Version 12.00
Project("{FAE04EC0-301F-11D3-BF4B-00C04F79EFBC}") = "MauiApp1", "MauiApp1\MauiApp1.csproj", "{071AD8C4-9030-4E50-9C0E-90BE82BD250F}"
EndProject
Global
	GlobalSection(SolutionConfigurationPlatforms) = preSolution
		Debug|Any CPU = Debug|Any CPU
		Release|Any CPU = Release|Any CPU
	EndGlobalSection
	GlobalSection(ProjectConfigurationPlatforms) = postSolution
		{071AD8C4-9030-4E50-9C0E-90BE82BD250F}.Debug|Any CPU.ActiveCfg = Debug|Any CPU
		{071AD8C4-9030-4E50-9C0E-90BE82BD250F}.Debug|Any CPU.Build.0 = Debug|Any CPU
		{071AD8C4-9030-4E50-9C0E-90BE82BD250F}.Release|Any CPU.ActiveCfg = Release|Any CPU
		{071AD8C4-9030-4E50-9C0E-90BE82BD250F}.Release|Any CPU.Build.0 = Release|Any CPU
	EndGlobalSection
EndGlobal
